
Microsoft Visual Studio Solution File, Format Version 12.00
# Visual Studio 15
VisualStudioVersion = 15.0.28307.1259
MinimumVisualStudioVersion = 10.0.40219.1
Project("{FAE04EC0-301F-11D3-BF4B-00C04F79EFBC}") = "sendmail", "sendmail\sendmail.csproj", "{44617578-AC5F-4EF9-B120-A799056E21CF}"
EndProject
Global
	GlobalSection(SolutionConfigurationPlatforms) = preSolution
		Debug|Any CPU = Debug|Any CPU
		Release|Any CPU = Release|Any CPU
	EndGlobalSection
	GlobalSection(ProjectConfigurationPlatforms) = postSolution
		{44617578-AC5F-4EF9-B120-A799056E21CF}.Debug|Any CPU.ActiveCfg = Debug|Any CPU
		{44617578-AC5F-4EF9-B120-A799056E21CF}.Debug|Any CPU.Build.0 = Debug|Any CPU
		{44617578-AC5F-4EF9-B120-A799056E21CF}.Release|Any CPU.ActiveCfg = Release|Any CPU
		{44617578-AC5F-4EF9-B120-A799056E21CF}.Release|Any CPU.Build.0 = Release|Any CPU
	EndGlobalSection
	GlobalSection(SolutionProperties) = preSolution
		HideSolutionNode = FALSE
	EndGlobalSection
	GlobalSection(ExtensibilityGlobals) = postSolution
		SolutionGuid = {73EE2A62-9E73-4851-B21C-D7EA0CEF7BF6}
	EndGlobalSection
EndGlobal
